// !$*UTF8*$!
{
	archiveVersion = 1;
	classes = {
	};
	objectVersion = 50;
	objects = {

/* Begin PBXBuildFile section */
		D58321FD20C98195006060E7 /* AppDelegate.swift in Sources */ = {isa = PBXBuildFile; fileRef = D58321FC20C98195006060E7 /* AppDelegate.swift */; };
		D58321FF20C98195006060E7 /* ViewController.swift in Sources */ = {isa = PBXBuildFile; fileRef = D58321FE20C98195006060E7 /* ViewController.swift */; };
		D583220220C98195006060E7 /* Main.storyboard in Resources */ = {isa = PBXBuildFile; fileRef = D583220020C98195006060E7 /* Main.storyboard */; };
		D583220420C98198006060E7 /* Assets.xcassets in Resources */ = {isa = PBXBuildFile; fileRef = D583220320C98198006060E7 /* Assets.xcassets */; };
		D583220720C98198006060E7 /* LaunchScreen.storyboard in Resources */ = {isa = PBXBuildFile; fileRef = D583220520C98198006060E7 /* LaunchScreen.storyboard */; };
		D583221220C98198006060E7 /* NaturalLanguageSamplerTests.swift in Sources */ = {isa = PBXBuildFile; fileRef = D583221120C98198006060E7 /* NaturalLanguageSamplerTests.swift */; };
		D583221F20C981B2006060E7 /* NaturalLanguage+Extension.swift in Sources */ = {isa = PBXBuildFile; fileRef = D583221D20C981B2006060E7 /* NaturalLanguage+Extension.swift */; };
		D583222020C981B2006060E7 /* NSLinguisticTagger+Extension.swift in Sources */ = {isa = PBXBuildFile; fileRef = D583221E20C981B2006060E7 /* NSLinguisticTagger+Extension.swift */; };
/* End PBXBuildFile section */

/* Begin PBXContainerItemProxy section */
		D583220E20C98198006060E7 /* PBXContainerItemProxy */ = {
			isa = PBXContainerItemProxy;
			containerPortal = D58321F120C98195006060E7 /* Project object */;
			proxyType = 1;
			remoteGlobalIDString = D58321F820C98195006060E7;
			remoteInfo = NaturalLanguageSampler;
		};
/* End PBXContainerItemProxy section */

/* Begin PBXFileReference section */
		D58321F920C98195006060E7 /* NaturalLanguageSampler.app */ = {isa = PBXFileReference; explicitFileType = wrapper.application; includeInIndex = 0; path = NaturalLanguageSampler.app; sourceTree = BUILT_PRODUCTS_DIR; };
		D58321FC20C98195006060E7 /* AppDelegate.swift */ = {isa = PBXFileReference; lastKnownFileType = sourcecode.swift; path = AppDelegate.swift; sourceTree = "<group>"; };
		D58321FE20C98195006060E7 /* ViewController.swift */ = {isa = PBXFileReference; lastKnownFileType = sourcecode.swift; path = ViewController.swift; sourceTree = "<group>"; };
		D583220120C98195006060E7 /* Base */ = {isa = PBXFileReference; lastKnownFileType = file.storyboard; name = Base; path = Base.lproj/Main.storyboard; sourceTree = "<group>"; };
		D583220320C98198006060E7 /* Assets.xcassets */ = {isa = PBXFileReference; lastKnownFileType = folder.assetcatalog; path = Assets.xcassets; sourceTree = "<group>"; };
		D583220620C98198006060E7 /* Base */ = {isa = PBXFileReference; lastKnownFileType = file.storyboard; name = Base; path = Base.lproj/LaunchScreen.storyboard; sourceTree = "<group>"; };
		D583220820C98198006060E7 /* Info.plist */ = {isa = PBXFileReference; lastKnownFileType = text.plist.xml; path = Info.plist; sourceTree = "<group>"; };
		D583220D20C98198006060E7 /* NaturalLanguageSamplerTests.xctest */ = {isa = PBXFileReference; explicitFileType = wrapper.cfbundle; includeInIndex = 0; path = NaturalLanguageSamplerTests.xctest; sourceTree = BUILT_PRODUCTS_DIR; };
		D583221120C98198006060E7 /* NaturalLanguageSamplerTests.swift */ = {isa = PBXFileReference; lastKnownFileType = sourcecode.swift; path = NaturalLanguageSamplerTests.swift; sourceTree = "<group>"; };
		D583221320C98198006060E7 /* Info.plist */ = {isa = PBXFileReference; lastKnownFileType = text.plist.xml; path = Info.plist; sourceTree = "<group>"; };
		D583221D20C981B2006060E7 /* NaturalLanguage+Extension.swift */ = {isa = PBXFileReference; fileEncoding = 4; lastKnownFileType = sourcecode.swift; path = "NaturalLanguage+Extension.swift"; sourceTree = "<group>"; };
		D583221E20C981B2006060E7 /* NSLinguisticTagger+Extension.swift */ = {isa = PBXFileReference; fileEncoding = 4; lastKnownFileType = sourcecode.swift; path = "NSLinguisticTagger+Extension.swift"; sourceTree = "<group>"; };
/* End PBXFileReference section */

/* Begin PBXFrameworksBuildPhase section */
		D58321F620C98195006060E7 /* Frameworks */ = {
			isa = PBXFrameworksBuildPhase;
			buildActionMask = 2147483647;
			files = (
			);
			runOnlyForDeploymentPostprocessing = 0;
		};
		D583220A20C98198006060E7 /* Frameworks */ = {
			isa = PBXFrameworksBuildPhase;
			buildActionMask = 2147483647;
			files = (
			);
			runOnlyForDeploymentPostprocessing = 0;
		};
/* End PBXFrameworksBuildPhase section */

/* Begin PBXGroup section */
		D58321F020C98195006060E7 = {
			isa = PBXGroup;
			children = (
				D58321FB20C98195006060E7 /* NaturalLanguageSampler */,
				D583221020C98198006060E7 /* NaturalLanguageSamplerTests */,
				D58321FA20C98195006060E7 /* Products */,
			);
			sourceTree = "<group>";
		};
		D58321FA20C98195006060E7 /* Products */ = {
			isa = PBXGroup;
			children = (
				D58321F920C98195006060E7 /* NaturalLanguageSampler.app */,
				D583220D20C98198006060E7 /* NaturalLanguageSamplerTests.xctest */,
			);
			name = Products;
			sourceTree = "<group>";
		};
		D58321FB20C98195006060E7 /* NaturalLanguageSampler */ = {
			isa = PBXGroup;
			children = (
				D58321FC20C98195006060E7 /* AppDelegate.swift */,
				D58321FE20C98195006060E7 /* ViewController.swift */,
				D583221C20C981B2006060E7 /* Natural Language */,
				D583220020C98195006060E7 /* Main.storyboard */,
				D583220320C98198006060E7 /* Assets.xcassets */,
				D583220520C98198006060E7 /* LaunchScreen.storyboard */,
				D583220820C98198006060E7 /* Info.plist */,
			);
			path = NaturalLanguageSampler;
			sourceTree = "<group>";
		};
		D583221020C98198006060E7 /* NaturalLanguageSamplerTests */ = {
			isa = PBXGroup;
			children = (
				D583221120C98198006060E7 /* NaturalLanguageSamplerTests.swift */,
				D583221320C98198006060E7 /* Info.plist */,
			);
			path = NaturalLanguageSamplerTests;
			sourceTree = "<group>";
		};
		D583221C20C981B2006060E7 /* Natural Language */ = {
			isa = PBXGroup;
			children = (
				D583221D20C981B2006060E7 /* NaturalLanguage+Extension.swift */,
				D583221E20C981B2006060E7 /* NSLinguisticTagger+Extension.swift */,
			);
			path = "Natural Language";
			sourceTree = "<group>";
		};
/* End PBXGroup section */

/* Begin PBXNativeTarget section */
		D58321F820C98195006060E7 /* NaturalLanguageSampler */ = {
			isa = PBXNativeTarget;
			buildConfigurationList = D583221620C98198006060E7 /* Build configuration list for PBXNativeTarget "NaturalLanguageSampler" */;
			buildPhases = (
				D58321F520C98195006060E7 /* Sources */,
				D58321F620C98195006060E7 /* Frameworks */,
				D58321F720C98195006060E7 /* Resources */,
			);
			buildRules = (
			);
			dependencies = (
			);
			name = NaturalLanguageSampler;
			productName = NaturalLanguageSampler;
			productReference = D58321F920C98195006060E7 /* NaturalLanguageSampler.app */;
			productType = "com.apple.product-type.application";
		};
		D583220C20C98198006060E7 /* NaturalLanguageSamplerTests */ = {
			isa = PBXNativeTarget;
			buildConfigurationList = D583221920C98198006060E7 /* Build configuration list for PBXNativeTarget "NaturalLanguageSamplerTests" */;
			buildPhases = (
				D583220920C98198006060E7 /* Sources */,
				D583220A20C98198006060E7 /* Frameworks */,
				D583220B20C98198006060E7 /* Resources */,
			);
			buildRules = (
			);
			dependencies = (
				D583220F20C98198006060E7 /* PBXTargetDependency */,
			);
			name = NaturalLanguageSamplerTests;
			productName = NaturalLanguageSamplerTests;
			productReference = D583220D20C98198006060E7 /* NaturalLanguageSamplerTests.xctest */;
			productType = "com.apple.product-type.bundle.unit-test";
		};
/* End PBXNativeTarget section */

/* Begin PBXProject section */
		D58321F120C98195006060E7 /* Project object */ = {
			isa = PBXProject;
			attributes = {
				LastSwiftUpdateCheck = 1000;
				LastUpgradeCheck = 1000;
				TargetAttributes = {
					D58321F820C98195006060E7 = {
						CreatedOnToolsVersion = 10.0;
					};
					D583220C20C98198006060E7 = {
						CreatedOnToolsVersion = 10.0;
						TestTargetID = D58321F820C98195006060E7;
					};
				};
			};
			buildConfigurationList = D58321F420C98195006060E7 /* Build configuration list for PBXProject "NaturalLanguageSampler" */;
			compatibilityVersion = "Xcode 9.3";
			developmentRegion = en;
			hasScannedForEncodings = 0;
			knownRegions = (
				en,
				Base,
			);
			mainGroup = D58321F020C98195006060E7;
			productRefGroup = D58321FA20C98195006060E7 /* Products */;
			projectDirPath = "";
			projectRoot = "";
			targets = (
				D58321F820C98195006060E7 /* NaturalLanguageSampler */,
				D583220C20C98198006060E7 /* NaturalLanguageSamplerTests */,
			);
		};
/* End PBXProject section */

/* Begin PBXResourcesBuildPhase section */
		D58321F720C98195006060E7 /* Resources */ = {
			isa = PBXResourcesBuildPhase;
			buildActionMask = 2147483647;
			files = (
				D583220720C98198006060E7 /* LaunchScreen.storyboard in Resources */,
				D583220420C98198006060E7 /* Assets.xcassets in Resources */,
				D583220220C98195006060E7 /* Main.storyboard in Resources */,
			);
			runOnlyForDeploymentPostprocessing = 0;
		};
		D583220B20C98198006060E7 /* Resources */ = {
			isa = PBXResourcesBuildPhase;
			buildActionMask = 2147483647;
			files = (
			);
			runOnlyForDeploymentPostprocessing = 0;
		};
/* End PBXResourcesBuildPhase section */

/* Begin PBXSourcesBuildPhase section */
		D58321F520C98195006060E7 /* Sources */ = {
			isa = PBXSourcesBuildPhase;
			buildActionMask = 2147483647;
			files = (
				D583221F20C981B2006060E7 /* NaturalLanguage+Extension.swift in Sources */,
				D58321FF20C98195006060E7 /* ViewController.swift in Sources */,
				D58321FD20C98195006060E7 /* AppDelegate.swift in Sources */,
				D583222020C981B2006060E7 /* NSLinguisticTagger+Extension.swift in Sources */,
			);
			runOnlyForDeploymentPostprocessing = 0;
		};
		D583220920C98198006060E7 /* Sources */ = {
			isa = PBXSourcesBuildPhase;
			buildActionMask = 2147483647;
			files = (
				D583221220C98198006060E7 /* NaturalLanguageSamplerTests.swift in Sources */,
			);
			runOnlyForDeploymentPostprocessing = 0;
		};
/* End PBXSourcesBuildPhase section */

/* Begin PBXTargetDependency section */
		D583220F20C98198006060E7 /* PBXTargetDependency */ = {
			isa = PBXTargetDependency;
			target = D58321F820C98195006060E7 /* NaturalLanguageSampler */;
			targetProxy = D583220E20C98198006060E7 /* PBXContainerItemProxy */;
		};
/* End PBXTargetDependency section */

/* Begin PBXVariantGroup section */
		D583220020C98195006060E7 /* Main.storyboard */ = {
			isa = PBXVariantGroup;
			children = (
				D583220120C98195006060E7 /* Base */,
			);
			name = Main.storyboard;
			sourceTree = "<group>";
		};
		D583220520C98198006060E7 /* LaunchScreen.storyboard */ = {
			isa = PBXVariantGroup;
			children = (
				D583220620C98198006060E7 /* Base */,
			);
			name = LaunchScreen.storyboard;
			sourceTree = "<group>";
		};
/* End PBXVariantGroup section */

/* Begin XCBuildConfiguration section */
		D583221420C98198006060E7 /* Debug */ = {
			isa = XCBuildConfiguration;
			buildSettings = {
				ALWAYS_SEARCH_USER_PATHS = NO;
				CLANG_ANALYZER_NONNULL = YES;
				CLANG_ANALYZER_NUMBER_OBJECT_CONVERSION = YES_AGGRESSIVE;
				CLANG_CXX_LANGUAGE_STANDARD = "gnu++14";
				CLANG_CXX_LIBRARY = "libc++";
				CLANG_ENABLE_MODULES = YES;
				CLANG_ENABLE_OBJC_ARC = YES;
				CLANG_ENABLE_OBJC_WEAK = YES;
				CLANG_WARN_BLOCK_CAPTURE_AUTORELEASING = YES;
				CLANG_WARN_BOOL_CONVERSION = YES;
				CLANG_WARN_COMMA = YES;
				CLANG_WARN_CONSTANT_CONVERSION = YES;
				CLANG_WARN_DEPRECATED_OBJC_IMPLEMENTATIONS = YES;
				CLANG_WARN_DIRECT_OBJC_ISA_USAGE = YES_ERROR;
				CLANG_WARN_DOCUMENTATION_COMMENTS = YES;
				CLANG_WARN_EMPTY_BODY = YES;
				CLANG_WARN_ENUM_CONVERSION = YES;
				CLANG_WARN_INFINITE_RECURSION = YES;
				CLANG_WARN_INT_CONVERSION = YES;
				CLANG_WARN_NON_LITERAL_NULL_CONVERSION = YES;
				CLANG_WARN_OBJC_IMPLICIT_RETAIN_SELF = YES;
				CLANG_WARN_OBJC_LITERAL_CONVERSION = YES;
				CLANG_WARN_OBJC_ROOT_CLASS = YES_ERROR;
				CLANG_WARN_RANGE_LOOP_ANALYSIS = YES;
				CLANG_WARN_STRICT_PROTOTYPES = YES;
				CLANG_WARN_SUSPICIOUS_MOVE = YES;
				CLANG_WARN_UNGUARDED_AVAILABILITY = YES_AGGRESSIVE;
				CLANG_WARN_UNREACHABLE_CODE = YES;
				CLANG_WARN__DUPLICATE_METHOD_MATCH = YES;
				CODE_SIGN_IDENTITY = "iPhone Developer";
				COPY_PHASE_STRIP = NO;
				DEBUG_INFORMATION_FORMAT = dwarf;
				ENABLE_STRICT_OBJC_MSGSEND = YES;
				ENABLE_TESTABILITY = YES;
				GCC_C_LANGUAGE_STANDARD = gnu11;
				GCC_DYNAMIC_NO_PIC = NO;
				GCC_NO_COMMON_BLOCKS = YES;
				GCC_OPTIMIZATION_LEVEL = 0;
				GCC_PREPROCESSOR_DEFINITIONS = (
					"DEBUG=1",
					"$(inherited)",
				);
				GCC_WARN_64_TO_32_BIT_CONVERSION = YES;
				GCC_WARN_ABOUT_RETURN_TYPE = YES_ERROR;
				GCC_WARN_UNDECLARED_SELECTOR = YES;
				GCC_WARN_UNINITIALIZED_AUTOS = YES_AGGRESSIVE;
				GCC_WARN_UNUSED_FUNCTION = YES;
				GCC_WARN_UNUSED_VARIABLE = YES;
				IPHONEOS_DEPLOYMENT_TARGET = 12.0;
				MTL_ENABLE_DEBUG_INFO = INCLUDE_SOURCE;
				ONLY_ACTIVE_ARCH = YES;
				SDKROOT = iphoneos;
				SWIFT_ACTIVE_COMPILATION_CONDITIONS = DEBUG;
				SWIFT_OPTIMIZATION_LEVEL = "-Onone";
			};
			name = Debug;
		};
		D583221520C98198006060E7 /* Release */ = {
			isa = XCBuildConfiguration;
			buildSettings = {
				ALWAYS_SEARCH_USER_PATHS = NO;
				CLANG_ANALYZER_NONNULL = YES;
				CLANG_ANALYZER_NUMBER_OBJECT_CONVERSION = YES_AGGRESSIVE;
				CLANG_CXX_LANGUAGE_STANDARD = "gnu++14";
				CLANG_CXX_LIBRARY = "libc++";
				CLANG_ENABLE_MODULES = YES;
				CLANG_ENABLE_OBJC_ARC = YES;
				CLANG_ENABLE_OBJC_WEAK = YES;
				CLANG_WARN_BLOCK_CAPTURE_AUTORELEASING = YES;
				CLANG_WARN_BOOL_CONVERSION = YES;
				CLANG_WARN_COMMA = YES;
				CLANG_WARN_CONSTANT_CONVERSION = YES;
				CLANG_WARN_DEPRECATED_OBJC_IMPLEMENTATIONS = YES;
				CLANG_WARN_DIRECT_OBJC_ISA_USAGE = YES_ERROR;
				CLANG_WARN_DOCUMENTATION_COMMENTS = YES;
				CLANG_WARN_EMPTY_BODY = YES;
				CLANG_WARN_ENUM_CONVERSION = YES;
				CLANG_WARN_INFINITE_RECURSION = YES;
				CLANG_WARN_INT_CONVERSION = YES;
				CLANG_WARN_NON_LITERAL_NULL_CONVERSION = YES;
				CLANG_WARN_OBJC_IMPLICIT_RETAIN_SELF = YES;
				CLANG_WARN_OBJC_LITERAL_CONVERSION = YES;
				CLANG_WARN_OBJC_ROOT_CLASS = YES_ERROR;
				CLANG_WARN_RANGE_LOOP_ANALYSIS = YES;
				CLANG_WARN_STRICT_PROTOTYPES = YES;
				CLANG_WARN_SUSPICIOUS_MOVE = YES;
				CLANG_WARN_UNGUARDED_AVAILABILITY = YES_AGGRESSIVE;
				CLANG_WARN_UNREACHABLE_CODE = YES;
				CLANG_WARN__DUPLICATE_METHOD_MATCH = YES;
				CODE_SIGN_IDENTITY = "iPhone Developer";
				COPY_PHASE_STRIP = NO;
				DEBUG_INFORMATION_FORMAT = "dwarf-with-dsym";
				ENABLE_NS_ASSERTIONS = NO;
				ENABLE_STRICT_OBJC_MSGSEND = YES;
				GCC_C_LANGUAGE_STANDARD = gnu11;
				GCC_NO_COMMON_BLOCKS = YES;
				GCC_WARN_64_TO_32_BIT_CONVERSION = YES;
				GCC_WARN_ABOUT_RETURN_TYPE = YES_ERROR;
				GCC_WARN_UNDECLARED_SELECTOR = YES;
				GCC_WARN_UNINITIALIZED_AUTOS = YES_AGGRESSIVE;
				GCC_WARN_UNUSED_FUNCTION = YES;
				GCC_WARN_UNUSED_VARIABLE = YES;
				IPHONEOS_DEPLOYMENT_TARGET = 12.0;
				MTL_ENABLE_DEBUG_INFO = NO;
				SDKROOT = iphoneos;
				SWIFT_COMPILATION_MODE = wholemodule;
				SWIFT_OPTIMIZATION_LEVEL = "-O";
				VALIDATE_PRODUCT = YES;
			};
			name = Release;
		};
		D583221720C98198006060E7 /* Debug */ = {
			isa = XCBuildConfiguration;
			buildSettings = {
				ASSETCATALOG_COMPILER_APPICON_NAME = AppIcon;
				CODE_SIGN_STYLE = Automatic;
				DEVELOPMENT_TEAM = N5U649DS4Z;
				INFOPLIST_FILE = NaturalLanguageSampler/Info.plist;
				LD_RUNPATH_SEARCH_PATHS = (
					"$(inherited)",
					"@executable_path/Frameworks",
				);
				PRODUCT_BUNDLE_IDENTIFIER = "com.d-date.NaturalLanguageSampler";
				PRODUCT_NAME = "$(TARGET_NAME)";
				SWIFT_VERSION = 4.2;
				TARGETED_DEVICE_FAMILY = "1,2";
			};
			name = Debug;
		};
		D583221820C98198006060E7 /* Release */ = {
			isa = XCBuildConfiguration;
			buildSettings = {
				ASSETCATALOG_COMPILER_APPICON_NAME = AppIcon;
				CODE_SIGN_STYLE = Automatic;
				DEVELOPMENT_TEAM = N5U649DS4Z;
				INFOPLIST_FILE = NaturalLanguageSampler/Info.plist;
				LD_RUNPATH_SEARCH_PATHS = (
					"$(inherited)",
					"@executable_path/Frameworks",
				);
				PRODUCT_BUNDLE_IDENTIFIER = "com.d-date.NaturalLanguageSampler";
				PRODUCT_NAME = "$(TARGET_NAME)";
				SWIFT_VERSION = 4.2;
				TARGETED_DEVICE_FAMILY = "1,2";
			};
			name = Release;
		};
		D583221A20C98198006060E7 /* Debug */ = {
			isa = XCBuildConfiguration;
			buildSettings = {
				ALWAYS_EMBED_SWIFT_STANDARD_LIBRARIES = YES;
				BUNDLE_LOADER = "$(TEST_HOST)";
				CODE_SIGN_STYLE = Automatic;
				DEVELOPMENT_TEAM = N5U649DS4Z;
				INFOPLIST_FILE = NaturalLanguageSamplerTests/Info.plist;
				LD_RUNPATH_SEARCH_PATHS = (
					"$(inherited)",
					"@executable_path/Frameworks",
					"@loader_path/Frameworks",
				);
				PRODUCT_BUNDLE_IDENTIFIER = "com.d-date.NaturalLanguageSamplerTests";
				PRODUCT_NAME = "$(TARGET_NAME)";
				SWIFT_VERSION = 4.2;
				TARGETED_DEVICE_FAMILY = "1,2";
				TEST_HOST = "$(BUILT_PRODUCTS_DIR)/NaturalLanguageSampler.app/NaturalLanguageSampler";
			};
			name = Debug;
		};
		D583221B20C98198006060E7 /* Release */ = {
			isa = XCBuildConfiguration;
			buildSettings = {
				ALWAYS_EMBED_SWIFT_STANDARD_LIBRARIES = YES;
				BUNDLE_LOADER = "$(TEST_HOST)";
				CODE_SIGN_STYLE = Automatic;
				DEVELOPMENT_TEAM = N5U649DS4Z;
				INFOPLIST_FILE = NaturalLanguageSamplerTests/Info.plist;
				LD_RUNPATH_SEARCH_PATHS = (
					"$(inherited)",
					"@executable_path/Frameworks",
					"@loader_path/Frameworks",
				);
				PRODUCT_BUNDLE_IDENTIFIER = "com.d-date.NaturalLanguageSamplerTests";
				PRODUCT_NAME = "$(TARGET_NAME)";
				SWIFT_VERSION = 4.2;
				TARGETED_DEVICE_FAMILY = "1,2";
				TEST_HOST = "$(BUILT_PRODUCTS_DIR)/NaturalLanguageSampler.app/NaturalLanguageSampler";
			};
			name = Release;
		};
/* End XCBuildConfiguration section */

/* Begin XCConfigurationList section */
		D58321F420C98195006060E7 /* Build configuration list for PBXProject "NaturalLanguageSampler" */ = {
			isa = XCConfigurationList;
			buildConfigurations = (
				D583221420C98198006060E7 /* Debug */,
				D583221520C98198006060E7 /* Release */,
			);
			defaultConfigurationIsVisible = 0;
			defaultConfigurationName = Release;
		};
		D583221620C98198006060E7 /* Build configuration list for PBXNativeTarget "NaturalLanguageSampler" */ = {
			isa = XCConfigurationList;
			buildConfigurations = (
				D583221720C98198006060E7 /* Debug */,
				D583221820C98198006060E7 /* Release */,
			);
			defaultConfigurationIsVisible = 0;
			defaultConfigurationName = Release;
		};
		D583221920C98198006060E7 /* Build configuration list for PBXNativeTarget "NaturalLanguageSamplerTests" */ = {
			isa = XCConfigurationList;
			buildConfigurations = (
				D583221A20C98198006060E7 /* Debug */,
				D583221B20C98198006060E7 /* Release */,
			);
			defaultConfigurationIsVisible = 0;
			defaultConfigurationName = Release;
		};
/* End XCConfigurationList section */
	};
	rootObject = D58321F120C98195006060E7 /* Project object */;
}
